
Microsoft Visual Studio Solution File, Format Version 12.00
# Visual Studio 2015
Project("{FAE04EC0-301F-11D3-BF4B-00C04F79EFBC}") = "BianchiniDare2016_Juba.CSharp.Plugins", "BianchiniDare2016_Juba.CSharp.Plugins.csproj", "{0EBD46B6-597D-3917-FA91-A6770E230F32}"
EndProject
Project("{FAE04EC0-301F-11D3-BF4B-00C04F79EFBC}") = "BianchiniDare2016_Juba.CSharp", "BianchiniDare2016_Juba.CSharp.csproj", "{F5AE7EAF-CF76-0E9E-4A0C-11FC05A8AE9D}"
EndProject
Project("{FAE04EC0-301F-11D3-BF4B-00C04F79EFBC}") = "BianchiniDare2016_Juba.CSharp.Editor", "BianchiniDare2016_Juba.CSharp.Editor.csproj", "{3645BB1C-BEB1-0068-5320-5204A4C050B6}"
EndProject
Global
	GlobalSection(SolutionConfigurationPlatforms) = preSolution
		Debug|Any CPU = Debug|Any CPU
		Release|Any CPU = Release|Any CPU
	EndGlobalSection
	GlobalSection(ProjectConfigurationPlatforms) = postSolution
		{0EBD46B6-597D-3917-FA91-A6770E230F32}.Debug|Any CPU.ActiveCfg = Debug|Any CPU
		{0EBD46B6-597D-3917-FA91-A6770E230F32}.Debug|Any CPU.Build.0 = Debug|Any CPU
		{0EBD46B6-597D-3917-FA91-A6770E230F32}.Release|Any CPU.ActiveCfg = Release|Any CPU
		{0EBD46B6-597D-3917-FA91-A6770E230F32}.Release|Any CPU.Build.0 = Release|Any CPU
		{F5AE7EAF-CF76-0E9E-4A0C-11FC05A8AE9D}.Debug|Any CPU.ActiveCfg = Debug|Any CPU
		{F5AE7EAF-CF76-0E9E-4A0C-11FC05A8AE9D}.Debug|Any CPU.Build.0 = Debug|Any CPU
		{F5AE7EAF-CF76-0E9E-4A0C-11FC05A8AE9D}.Release|Any CPU.ActiveCfg = Release|Any CPU
		{F5AE7EAF-CF76-0E9E-4A0C-11FC05A8AE9D}.Release|Any CPU.Build.0 = Release|Any CPU
		{3645BB1C-BEB1-0068-5320-5204A4C050B6}.Debug|Any CPU.ActiveCfg = Debug|Any CPU
		{3645BB1C-BEB1-0068-5320-5204A4C050B6}.Debug|Any CPU.Build.0 = Debug|Any CPU
		{3645BB1C-BEB1-0068-5320-5204A4C050B6}.Release|Any CPU.ActiveCfg = Release|Any CPU
		{3645BB1C-BEB1-0068-5320-5204A4C050B6}.Release|Any CPU.Build.0 = Release|Any CPU
	EndGlobalSection
	GlobalSection(SolutionProperties) = preSolution
		HideSolutionNode = FALSE
	EndGlobalSection
EndGlobal
